
Microsoft Visual Studio Solution File, Format Version 12.00
# Visual Studio 15
VisualStudioVersion = 15.0.27031.0
MinimumVisualStudioVersion = 10.0.40219.1
Project("{FAE04EC0-301F-11D3-BF4B-00C04F79EFBC}") = "tekconf.api", "tekconf.api\tekconf.api.csproj", "{C50228CF-E03B-408D-87DD-20E72F5CBFAA}"
EndProject
Global
	GlobalSection(SolutionConfigurationPlatforms) = preSolution
		Debug|Any CPU = Debug|Any CPU
		Release|Any CPU = Release|Any CPU
	EndGlobalSection
	GlobalSection(ProjectConfigurationPlatforms) = postSolution
		{C50228CF-E03B-408D-87DD-20E72F5CBFAA}.Debug|Any CPU.ActiveCfg = Debug|Any CPU
		{C50228CF-E03B-408D-87DD-20E72F5CBFAA}.Debug|Any CPU.Build.0 = Debug|Any CPU
		{C50228CF-E03B-408D-87DD-20E72F5CBFAA}.Release|Any CPU.ActiveCfg = Release|Any CPU
		{C50228CF-E03B-408D-87DD-20E72F5CBFAA}.Release|Any CPU.Build.0 = Release|Any CPU
	EndGlobalSection
	GlobalSection(SolutionProperties) = preSolution
		HideSolutionNode = FALSE
	EndGlobalSection
	GlobalSection(ExtensibilityGlobals) = postSolution
		SolutionGuid = {D9B993DB-EAC9-46D6-8A44-73401BB9D6A3}
	EndGlobalSection
EndGlobal
